
Microsoft Visual Studio Solution File, Format Version 12.00
# Visual Studio 15
VisualStudioVersion = 15.0.28010.2036
MinimumVisualStudioVersion = 10.0.40219.1
Project("{FAE04EC0-301F-11D3-BF4B-00C04F79EFBC}") = "Zad.1", "Zad.1\Zad.1.csproj", "{953384B3-E00B-41B0-ABB1-C48531E194EB}"
EndProject
Project("{FAE04EC0-301F-11D3-BF4B-00C04F79EFBC}") = "Zad.2", "Zad.2\Zad.2.csproj", "{28DA5811-BF0F-4E8D-B1DC-99565223C787}"
EndProject
Project("{FAE04EC0-301F-11D3-BF4B-00C04F79EFBC}") = "Zad.3", "Zad.3\Zad.3.csproj", "{004C3E4D-7FC8-46B8-97F9-4BD0101206B0}"
EndProject
Project("{FAE04EC0-301F-11D3-BF4B-00C04F79EFBC}") = "Zad.4", "Zad.4\Zad.4.csproj", "{468A43B6-E570-482B-B519-784FF84E6F94}"
EndProject
Project("{FAE04EC0-301F-11D3-BF4B-00C04F79EFBC}") = "Zad.5", "Zad.5\Zad.5.csproj", "{AF3E8932-2998-413A-A9FD-97C98492FB43}"
EndProject
Project("{FAE04EC0-301F-11D3-BF4B-00C04F79EFBC}") = "Zad.6", "Zad.6\Zad.6.csproj", "{66260203-6098-42E9-8584-9D8279CDE295}"
EndProject
Project("{FAE04EC0-301F-11D3-BF4B-00C04F79EFBC}") = "Zad.7", "Zad.7\Zad.7.csproj", "{6192E64E-06D9-4931-B46B-F9E7DD4903B9}"
EndProject
Project("{FAE04EC0-301F-11D3-BF4B-00C04F79EFBC}") = "Zad.8", "Zad.8\Zad.8.csproj", "{4F36F093-8F49-4ABD-9BE1-76B5D21D8B0B}"
EndProject
Project("{FAE04EC0-301F-11D3-BF4B-00C04F79EFBC}") = "Zad.9", "Zad.9\Zad.9.csproj", "{B4CC8667-0D20-415C-9005-B86065E2BF87}"
EndProject
Project("{FAE04EC0-301F-11D3-BF4B-00C04F79EFBC}") = "Zad.10", "Zad.10\Zad.10.csproj", "{237869C8-95D4-41E6-BCE1-FB26BBBB510E}"
EndProject
Project("{FAE04EC0-301F-11D3-BF4B-00C04F79EFBC}") = "Zad.11", "Zad.11\Zad.11.csproj", "{327247AD-D35B-417A-B0BC-09CD2BD8B6FE}"
EndProject
Project("{FAE04EC0-301F-11D3-BF4B-00C04F79EFBC}") = "Zad.12", "Zad.12\Zad.12.csproj", "{88C53776-1957-4F60-813A-17D1D155DAF6}"
EndProject
Project("{FAE04EC0-301F-11D3-BF4B-00C04F79EFBC}") = "Zad.13", "Zad.13\Zad.13.csproj", "{5388EC2A-2DBD-4277-A10D-FFDD067E4FDC}"
EndProject
Project("{FAE04EC0-301F-11D3-BF4B-00C04F79EFBC}") = "Zad.14", "Zad.14\Zad.14.csproj", "{1EB25AC2-400F-4DAC-B96A-611FA898C1B0}"
EndProject
Project("{FAE04EC0-301F-11D3-BF4B-00C04F79EFBC}") = "Zad.15", "Zad.15\Zad.15.csproj", "{DC0AA7C2-0F36-433F-B169-BBF80B16DAFB}"
EndProject
Project("{FAE04EC0-301F-11D3-BF4B-00C04F79EFBC}") = "Zad.16", "Zad.16\Zad.16.csproj", "{2E36F54A-EDB4-47ED-A001-6C5CEFA8CC30}"
EndProject
Global
	GlobalSection(SolutionConfigurationPlatforms) = preSolution
		Debug|Any CPU = Debug|Any CPU
		Release|Any CPU = Release|Any CPU
	EndGlobalSection
	GlobalSection(ProjectConfigurationPlatforms) = postSolution
		{953384B3-E00B-41B0-ABB1-C48531E194EB}.Debug|Any CPU.ActiveCfg = Debug|Any CPU
		{953384B3-E00B-41B0-ABB1-C48531E194EB}.Debug|Any CPU.Build.0 = Debug|Any CPU
		{953384B3-E00B-41B0-ABB1-C48531E194EB}.Release|Any CPU.ActiveCfg = Release|Any CPU
		{953384B3-E00B-41B0-ABB1-C48531E194EB}.Release|Any CPU.Build.0 = Release|Any CPU
		{28DA5811-BF0F-4E8D-B1DC-99565223C787}.Debug|Any CPU.ActiveCfg = Debug|Any CPU
		{28DA5811-BF0F-4E8D-B1DC-99565223C787}.Debug|Any CPU.Build.0 = Debug|Any CPU
		{28DA5811-BF0F-4E8D-B1DC-99565223C787}.Release|Any CPU.ActiveCfg = Release|Any CPU
		{28DA5811-BF0F-4E8D-B1DC-99565223C787}.Release|Any CPU.Build.0 = Release|Any CPU
		{004C3E4D-7FC8-46B8-97F9-4BD0101206B0}.Debug|Any CPU.ActiveCfg = Debug|Any CPU
		{004C3E4D-7FC8-46B8-97F9-4BD0101206B0}.Debug|Any CPU.Build.0 = Debug|Any CPU
		{004C3E4D-7FC8-46B8-97F9-4BD0101206B0}.Release|Any CPU.ActiveCfg = Release|Any CPU
		{004C3E4D-7FC8-46B8-97F9-4BD0101206B0}.Release|Any CPU.Build.0 = Release|Any CPU
		{468A43B6-E570-482B-B519-784FF84E6F94}.Debug|Any CPU.ActiveCfg = Debug|Any CPU
		{468A43B6-E570-482B-B519-784FF84E6F94}.Debug|Any CPU.Build.0 = Debug|Any CPU
		{468A43B6-E570-482B-B519-784FF84E6F94}.Release|Any CPU.ActiveCfg = Release|Any CPU
		{468A43B6-E570-482B-B519-784FF84E6F94}.Release|Any CPU.Build.0 = Release|Any CPU
		{AF3E8932-2998-413A-A9FD-97C98492FB43}.Debug|Any CPU.ActiveCfg = Debug|Any CPU
		{AF3E8932-2998-413A-A9FD-97C98492FB43}.Debug|Any CPU.Build.0 = Debug|Any CPU
		{AF3E8932-2998-413A-A9FD-97C98492FB43}.Release|Any CPU.ActiveCfg = Release|Any CPU
		{AF3E8932-2998-413A-A9FD-97C98492FB43}.Release|Any CPU.Build.0 = Release|Any CPU
		{66260203-6098-42E9-8584-9D8279CDE295}.Debug|Any CPU.ActiveCfg = Debug|Any CPU
		{66260203-6098-42E9-8584-9D8279CDE295}.Debug|Any CPU.Build.0 = Debug|Any CPU
		{66260203-6098-42E9-8584-9D8279CDE295}.Release|Any CPU.ActiveCfg = Release|Any CPU
		{66260203-6098-42E9-8584-9D8279CDE295}.Release|Any CPU.Build.0 = Release|Any CPU
		{6192E64E-06D9-4931-B46B-F9E7DD4903B9}.Debug|Any CPU.ActiveCfg = Debug|Any CPU
		{6192E64E-06D9-4931-B46B-F9E7DD4903B9}.Debug|Any CPU.Build.0 = Debug|Any CPU
		{6192E64E-06D9-4931-B46B-F9E7DD4903B9}.Release|Any CPU.ActiveCfg = Release|Any CPU
		{6192E64E-06D9-4931-B46B-F9E7DD4903B9}.Release|Any CPU.Build.0 = Release|Any CPU
		{4F36F093-8F49-4ABD-9BE1-76B5D21D8B0B}.Debug|Any CPU.ActiveCfg = Debug|Any CPU
		{4F36F093-8F49-4ABD-9BE1-76B5D21D8B0B}.Debug|Any CPU.Build.0 = Debug|Any CPU
		{4F36F093-8F49-4ABD-9BE1-76B5D21D8B0B}.Release|Any CPU.ActiveCfg = Release|Any CPU
		{4F36F093-8F49-4ABD-9BE1-76B5D21D8B0B}.Release|Any CPU.Build.0 = Release|Any CPU
		{B4CC8667-0D20-415C-9005-B86065E2BF87}.Debug|Any CPU.ActiveCfg = Debug|Any CPU
		{B4CC8667-0D20-415C-9005-B86065E2BF87}.Debug|Any CPU.Build.0 = Debug|Any CPU
		{B4CC8667-0D20-415C-9005-B86065E2BF87}.Release|Any CPU.ActiveCfg = Release|Any CPU
		{B4CC8667-0D20-415C-9005-B86065E2BF87}.Release|Any CPU.Build.0 = Release|Any CPU
		{237869C8-95D4-41E6-BCE1-FB26BBBB510E}.Debug|Any CPU.ActiveCfg = Debug|Any CPU
		{237869C8-95D4-41E6-BCE1-FB26BBBB510E}.Debug|Any CPU.Build.0 = Debug|Any CPU
		{237869C8-95D4-41E6-BCE1-FB26BBBB510E}.Release|Any CPU.ActiveCfg = Release|Any CPU
		{237869C8-95D4-41E6-BCE1-FB26BBBB510E}.Release|Any CPU.Build.0 = Release|Any CPU
		{327247AD-D35B-417A-B0BC-09CD2BD8B6FE}.Debug|Any CPU.ActiveCfg = Debug|Any CPU
		{327247AD-D35B-417A-B0BC-09CD2BD8B6FE}.Debug|Any CPU.Build.0 = Debug|Any CPU
		{327247AD-D35B-417A-B0BC-09CD2BD8B6FE}.Release|Any CPU.ActiveCfg = Release|Any CPU
		{327247AD-D35B-417A-B0BC-09CD2BD8B6FE}.Release|Any CPU.Build.0 = Release|Any CPU
		{88C53776-1957-4F60-813A-17D1D155DAF6}.Debug|Any CPU.ActiveCfg = Debug|Any CPU
		{88C53776-1957-4F60-813A-17D1D155DAF6}.Debug|Any CPU.Build.0 = Debug|Any CPU
		{88C53776-1957-4F60-813A-17D1D155DAF6}.Release|Any CPU.ActiveCfg = Release|Any CPU
		{88C53776-1957-4F60-813A-17D1D155DAF6}.Release|Any CPU.Build.0 = Release|Any CPU
		{5388EC2A-2DBD-4277-A10D-FFDD067E4FDC}.Debug|Any CPU.ActiveCfg = Debug|Any CPU
		{5388EC2A-2DBD-4277-A10D-FFDD067E4FDC}.Debug|Any CPU.Build.0 = Debug|Any CPU
		{5388EC2A-2DBD-4277-A10D-FFDD067E4FDC}.Release|Any CPU.ActiveCfg = Release|Any CPU
		{5388EC2A-2DBD-4277-A10D-FFDD067E4FDC}.Release|Any CPU.Build.0 = Release|Any CPU
		{1EB25AC2-400F-4DAC-B96A-611FA898C1B0}.Debug|Any CPU.ActiveCfg = Debug|Any CPU
		{1EB25AC2-400F-4DAC-B96A-611FA898C1B0}.Debug|Any CPU.Build.0 = Debug|Any CPU
		{1EB25AC2-400F-4DAC-B96A-611FA898C1B0}.Release|Any CPU.ActiveCfg = Release|Any CPU
		{1EB25AC2-400F-4DAC-B96A-611FA898C1B0}.Release|Any CPU.Build.0 = Release|Any CPU
		{DC0AA7C2-0F36-433F-B169-BBF80B16DAFB}.Debug|Any CPU.ActiveCfg = Debug|Any CPU
		{DC0AA7C2-0F36-433F-B169-BBF80B16DAFB}.Debug|Any CPU.Build.0 = Debug|Any CPU
		{DC0AA7C2-0F36-433F-B169-BBF80B16DAFB}.Release|Any CPU.ActiveCfg = Release|Any CPU
		{DC0AA7C2-0F36-433F-B169-BBF80B16DAFB}.Release|Any CPU.Build.0 = Release|Any CPU
		{2E36F54A-EDB4-47ED-A001-6C5CEFA8CC30}.Debug|Any CPU.ActiveCfg = Debug|Any CPU
		{2E36F54A-EDB4-47ED-A001-6C5CEFA8CC30}.Debug|Any CPU.Build.0 = Debug|Any CPU
		{2E36F54A-EDB4-47ED-A001-6C5CEFA8CC30}.Release|Any CPU.ActiveCfg = Release|Any CPU
		{2E36F54A-EDB4-47ED-A001-6C5CEFA8CC30}.Release|Any CPU.Build.0 = Release|Any CPU
	EndGlobalSection
	GlobalSection(SolutionProperties) = preSolution
		HideSolutionNode = FALSE
	EndGlobalSection
	GlobalSection(ExtensibilityGlobals) = postSolution
		SolutionGuid = {BCE510D1-CDC0-4D4F-9CA5-2BA14DD88BFE}
	EndGlobalSection
EndGlobal
